
Microsoft Visual Studio Solution File, Format Version 12.00
# Visual Studio Version 17
VisualStudioVersion = 17.4.33213.308
MinimumVisualStudioVersion = 10.0.40219.1
Project("{FAE04EC0-301F-11D3-BF4B-00C04F79EFBC}") = "mywebapp", "mywebapp\mywebapp.csproj", "{F31C8B55-E47A-4AD5-B898-B2054507A63C}"
EndProject
Global
	GlobalSection(SolutionConfigurationPlatforms) = preSolution
		Debug|Any CPU = Debug|Any CPU
		Release|Any CPU = Release|Any CPU
	EndGlobalSection
	GlobalSection(ProjectConfigurationPlatforms) = postSolution
		{F31C8B55-E47A-4AD5-B898-B2054507A63C}.Debug|Any CPU.ActiveCfg = Debug|Any CPU
		{F31C8B55-E47A-4AD5-B898-B2054507A63C}.Debug|Any CPU.Build.0 = Debug|Any CPU
		{F31C8B55-E47A-4AD5-B898-B2054507A63C}.Release|Any CPU.ActiveCfg = Release|Any CPU
		{F31C8B55-E47A-4AD5-B898-B2054507A63C}.Release|Any CPU.Build.0 = Release|Any CPU
	EndGlobalSection
	GlobalSection(SolutionProperties) = preSolution
		HideSolutionNode = FALSE
	EndGlobalSection
	GlobalSection(ExtensibilityGlobals) = postSolution
		SolutionGuid = {42FC2CAE-A12E-4E5F-9BFF-38B41C6FF2F5}
	EndGlobalSection
EndGlobal
